
Microsoft Visual Studio Solution File, Format Version 12.00
# Visual Studio Version 17
VisualStudioVersion = 17.3.32825.248
MinimumVisualStudioVersion = 10.0.40219.1
Project("{8BC9CEB8-8B4A-11D0-8D11-00A0C91BC942}") = "论文查重", "论文查重.vcxproj", "{8D228B8E-AD0F-4F6F-8D5E-6B8DB906F19E}"
EndProject
Global
	GlobalSection(SolutionConfigurationPlatforms) = preSolution
		Debug|x64 = Debug|x64
		Debug|x86 = Debug|x86
		Release|x64 = Release|x64
		Release|x86 = Release|x86
	EndGlobalSection
	GlobalSection(ProjectConfigurationPlatforms) = postSolution
		{8D228B8E-AD0F-4F6F-8D5E-6B8DB906F19E}.Debug|x64.ActiveCfg = Debug|x64
		{8D228B8E-AD0F-4F6F-8D5E-6B8DB906F19E}.Debug|x64.Build.0 = Debug|x64
		{8D228B8E-AD0F-4F6F-8D5E-6B8DB906F19E}.Debug|x86.ActiveCfg = Debug|Win32
		{8D228B8E-AD0F-4F6F-8D5E-6B8DB906F19E}.Debug|x86.Build.0 = Debug|Win32
		{8D228B8E-AD0F-4F6F-8D5E-6B8DB906F19E}.Release|x64.ActiveCfg = Release|x64
		{8D228B8E-AD0F-4F6F-8D5E-6B8DB906F19E}.Release|x64.Build.0 = Release|x64
		{8D228B8E-AD0F-4F6F-8D5E-6B8DB906F19E}.Release|x86.ActiveCfg = Release|Win32
		{8D228B8E-AD0F-4F6F-8D5E-6B8DB906F19E}.Release|x86.Build.0 = Release|Win32
	EndGlobalSection
	GlobalSection(SolutionProperties) = preSolution
		HideSolutionNode = FALSE
	EndGlobalSection
	GlobalSection(ExtensibilityGlobals) = postSolution
		SolutionGuid = {375886F2-8B36-46D0-A217-0254549C624E}
	EndGlobalSection
EndGlobal
